
Microsoft Visual Studio Solution File, Format Version 12.00
# Visual Studio 15
VisualStudioVersion = 15.0.27130.2027
MinimumVisualStudioVersion = 10.0.40219.1
Project("{FAE04EC0-301F-11D3-BF4B-00C04F79EFBC}") = "RefactoringExercisePatternsDesign", "RefactoringExercisePatternsDesign\RefactoringExercisePatternsDesign.csproj", "{7E369195-EFB7-41C2-80BE-A3E5CB653E08}"
EndProject
Global
	GlobalSection(SolutionConfigurationPlatforms) = preSolution
		Debug|Any CPU = Debug|Any CPU
		Release|Any CPU = Release|Any CPU
	EndGlobalSection
	GlobalSection(ProjectConfigurationPlatforms) = postSolution
		{7E369195-EFB7-41C2-80BE-A3E5CB653E08}.Debug|Any CPU.ActiveCfg = Debug|Any CPU
		{7E369195-EFB7-41C2-80BE-A3E5CB653E08}.Debug|Any CPU.Build.0 = Debug|Any CPU
		{7E369195-EFB7-41C2-80BE-A3E5CB653E08}.Release|Any CPU.ActiveCfg = Release|Any CPU
		{7E369195-EFB7-41C2-80BE-A3E5CB653E08}.Release|Any CPU.Build.0 = Release|Any CPU
	EndGlobalSection
	GlobalSection(SolutionProperties) = preSolution
		HideSolutionNode = FALSE
	EndGlobalSection
	GlobalSection(ExtensibilityGlobals) = postSolution
		SolutionGuid = {0095E2DF-1959-4E99-9D5A-FE0240DF3234}
	EndGlobalSection
EndGlobal
